
Microsoft Visual Studio Solution File, Format Version 11.00
# Visual Studio 2010
Project("{FAE04EC0-301F-11D3-BF4B-00C04F79EFBC}") = "Assembly-CSharp", "Assembly-CSharp.csproj", "{594fae9d-42db-9ed7-e523-4e8e8fa41569}"
EndProject
Project("{FAE04EC0-301F-11D3-BF4B-00C04F79EFBC}") = "Assembly-CSharp-Editor", "Assembly-CSharp-Editor.csproj", "{62eac21c-3f5c-08f0-8175-f30483cebc4c}"
EndProject
Global
	GlobalSection(SolutionConfigurationPlatforms) = preSolution
		Debug|Any CPU = Debug|Any CPU
	EndGlobalSection
	GlobalSection(ProjectConfigurationPlatforms) = postSolution
		{594fae9d-42db-9ed7-e523-4e8e8fa41569}.Debug|Any CPU.ActiveCfg = Debug|Any CPU
		{594fae9d-42db-9ed7-e523-4e8e8fa41569}.Debug|Any CPU.Build.0 = Debug|Any CPU
		{62eac21c-3f5c-08f0-8175-f30483cebc4c}.Debug|Any CPU.ActiveCfg = Debug|Any CPU
		{62eac21c-3f5c-08f0-8175-f30483cebc4c}.Debug|Any CPU.Build.0 = Debug|Any CPU
	EndGlobalSection
	GlobalSection(SolutionProperties) = preSolution
		HideSolutionNode = FALSE
	EndGlobalSection
EndGlobal
